
Microsoft Visual Studio Solution File, Format Version 12.00
# Visual Studio Version 17
VisualStudioVersion = 17.7.34024.191
MinimumVisualStudioVersion = 10.0.40219.1
Project("{FAE04EC0-301F-11D3-BF4B-00C04F79EFBC}") = "Core_DepartmanProject", "Core_DepartmanProject\Core_DepartmanProject.csproj", "{D3EACBB5-C6F4-4599-BA15-8C42C656C7AE}"
EndProject
Global
	GlobalSection(SolutionConfigurationPlatforms) = preSolution
		Debug|Any CPU = Debug|Any CPU
		Release|Any CPU = Release|Any CPU
	EndGlobalSection
	GlobalSection(ProjectConfigurationPlatforms) = postSolution
		{D3EACBB5-C6F4-4599-BA15-8C42C656C7AE}.Debug|Any CPU.ActiveCfg = Debug|Any CPU
		{D3EACBB5-C6F4-4599-BA15-8C42C656C7AE}.Debug|Any CPU.Build.0 = Debug|Any CPU
		{D3EACBB5-C6F4-4599-BA15-8C42C656C7AE}.Release|Any CPU.ActiveCfg = Release|Any CPU
		{D3EACBB5-C6F4-4599-BA15-8C42C656C7AE}.Release|Any CPU.Build.0 = Release|Any CPU
	EndGlobalSection
	GlobalSection(SolutionProperties) = preSolution
		HideSolutionNode = FALSE
	EndGlobalSection
	GlobalSection(ExtensibilityGlobals) = postSolution
		SolutionGuid = {F6A2002F-A47D-41AE-96FD-A31082A51E57}
	EndGlobalSection
EndGlobal
